<?xml version="1.0" encoding="utf-8"?>
<Project ToolsVersion="4.0" xmlns="http://schemas.microsoft.com/developer/msbuild/2003">
  <ItemGroup>
    <Filter Include="Source Files">
      <UniqueIdentifier>{4FC737F1-C7A5-4376-A066-2A32D752A2FF}</UniqueIdentifier>
      <Extensions>cpp;c;cc;cxx;def;odl;idl;hpj;bat;asm;asmx</Extensions>
    </Filter>
    <Filter Include="Header Files">
      <UniqueIdentifier>{93995380-89BD-4b04-88EB-625FBE52EBFB}</UniqueIdentifier>
      <Extensions>h;hpp;hxx;hm;inl;inc;xsd</Extensions>
    </Filter>
    <Filter Include="Resource Files">
      <UniqueIdentifier>{67DA6AB6-F800-4c08-8B7A-83BB121AAD01}</UniqueIdentifier>
      <Extensions>rc;ico;cur;bmp;dlg;rc2;rct;bin;rgs;gif;jpg;jpeg;jpe;resx;tiff;tif;png;wav;mfcribbon-ms</Extensions>
    </Filter>
    <Filter Include="Source Files\Core">
      <UniqueIdentifier>{da0959ad-5922-4f87-bfd9-ce5182867bcd}</UniqueIdentifier>
    </Filter>
    <Filter Include="Source Files\Core\math">
      <UniqueIdentifier>{d38c7ce4-81f5-4769-b9a3-409a0cd8073c}</UniqueIdentifier>
    </Filter>
    <Filter Include="Source Files\Core\lodepng">
      <UniqueIdentifier>{cb871c06-0022-42b0-9d4c-61715d4fb0a1}</UniqueIdentifier>
    </Filter>
    <Filter Include="Source Files\Core\tinyxml">
      <UniqueIdentifier>{aebc028f-fd96-4d92-a4ae-f7a0cfc9cfe4}</UniqueIdentifier>
    </Filter>
    <Filter Include="Source Files\Game">
      <UniqueIdentifier>{5b9ddaf4-7524-4365-a608-7bb539595daf}</UniqueIdentifier>
    </Filter>
    <Filter Include="Source Files\Core\font">
      <UniqueIdentifier>{95a3da0e-d903-4461-8014-7ba6c98dbc5d}</UniqueIdentifier>
    </Filter>
  </ItemGroup>
  <ItemGroup>
    <ClCompile Include="stdafx.cpp">
      <Filter>Header Files</Filter>
    </ClCompile>
    <ClCompile Include="win32_main.cpp">
      <Filter>Source Files</Filter>
    </ClCompile>
    <ClCompile Include="..\..\Core\Mobitech.cpp">
      <Filter>Source Files\Core</Filter>
    </ClCompile>
    <ClCompile Include="..\..\Core\Renderer.cpp">
      <Filter>Source Files\Core</Filter>
    </ClCompile>
    <ClCompile Include="..\..\Core\Resources.cpp">
      <Filter>Source Files\Core</Filter>
    </ClCompile>
    <ClCompile Include="..\..\Core\math\bounds.cpp">
      <Filter>Source Files\Core\math</Filter>
    </ClCompile>
    <ClCompile Include="..\..\Core\math\frustum.cpp">
      <Filter>Source Files\Core\math</Filter>
    </ClCompile>
    <ClCompile Include="..\..\Core\math\transform.cpp">
      <Filter>Source Files\Core\math</Filter>
    </ClCompile>
    <ClCompile Include="..\..\Core\lodepng\lodepng.cpp">
      <Filter>Source Files\Core\lodepng</Filter>
    </ClCompile>
    <ClCompile Include="..\..\Core\tinyxml\tinystr.cpp">
      <Filter>Source Files\Core\tinyxml</Filter>
    </ClCompile>
    <ClCompile Include="..\..\Core\tinyxml\tinyxml.cpp">
      <Filter>Source Files\Core\tinyxml</Filter>
    </ClCompile>
    <ClCompile Include="..\..\Core\tinyxml\tinyxmlerror.cpp">
      <Filter>Source Files\Core\tinyxml</Filter>
    </ClCompile>
    <ClCompile Include="..\..\Core\tinyxml\tinyxmlparser.cpp">
      <Filter>Source Files\Core\tinyxml</Filter>
    </ClCompile>
    <ClCompile Include="..\..\Game\Game.cpp">
      <Filter>Source Files\Game</Filter>
    </ClCompile>
    <ClCompile Include="..\..\Core\font\bmfont.cpp">
      <Filter>Source Files\Core\font</Filter>
    </ClCompile>
    <ClCompile Include="..\..\Core\Physics.cpp">
      <Filter>Source Files\Core</Filter>
    </ClCompile>
  </ItemGroup>
  <ItemGroup>
    <ClInclude Include="stdafx.h">
      <Filter>Header Files</Filter>
    </ClInclude>
    <ClInclude Include="targetver.h">
      <Filter>Header Files</Filter>
    </ClInclude>
    <ClInclude Include="..\..\Core\Mobitech.h">
      <Filter>Source Files\Core</Filter>
    </ClInclude>
    <ClInclude Include="..\..\Core\Renderer.h">
      <Filter>Source Files\Core</Filter>
    </ClInclude>
    <ClInclude Include="..\..\Core\Resources.h">
      <Filter>Source Files\Core</Filter>
    </ClInclude>
    <ClInclude Include="..\..\Core\Utils.hpp">
      <Filter>Source Files\Core</Filter>
    </ClInclude>
    <ClInclude Include="..\..\Core\math\bounds.h">
      <Filter>Source Files\Core\math</Filter>
    </ClInclude>
    <ClInclude Include="..\..\Core\math\frustum.h">
      <Filter>Source Files\Core\math</Filter>
    </ClInclude>
    <ClInclude Include="..\..\Core\math\mat2.h">
      <Filter>Source Files\Core\math</Filter>
    </ClInclude>
    <ClInclude Include="..\..\Core\math\mat3.h">
      <Filter>Source Files\Core\math</Filter>
    </ClInclude>
    <ClInclude Include="..\..\Core\math\mat4.h">
      <Filter>Source Files\Core\math</Filter>
    </ClInclude>
    <ClInclude Include="..\..\Core\math\math3d.h">
      <Filter>Source Files\Core\math</Filter>
    </ClInclude>
    <ClInclude Include="..\..\Core\math\mathgl.h">
      <Filter>Source Files\Core\math</Filter>
    </ClInclude>
    <ClInclude Include="..\..\Core\math\quat.h">
      <Filter>Source Files\Core\math</Filter>
    </ClInclude>
    <ClInclude Include="..\..\Core\math\transform.h">
      <Filter>Source Files\Core\math</Filter>
    </ClInclude>
    <ClInclude Include="..\..\Core\math\vec2.h">
      <Filter>Source Files\Core\math</Filter>
    </ClInclude>
    <ClInclude Include="..\..\Core\math\vec3.h">
      <Filter>Source Files\Core\math</Filter>
    </ClInclude>
    <ClInclude Include="..\..\Core\math\vec4.h">
      <Filter>Source Files\Core\math</Filter>
    </ClInclude>
    <ClInclude Include="..\..\Core\lodepng\lodepng.h">
      <Filter>Source Files\Core\lodepng</Filter>
    </ClInclude>
    <ClInclude Include="..\..\Core\tinyxml\tinystr.h">
      <Filter>Source Files\Core\tinyxml</Filter>
    </ClInclude>
    <ClInclude Include="..\..\Core\tinyxml\tinyxml.h">
      <Filter>Source Files\Core\tinyxml</Filter>
    </ClInclude>
    <ClInclude Include="..\..\Core\font\bmfont.h">
      <Filter>Source Files\Core\font</Filter>
    </ClInclude>
    <ClInclude Include="..\..\Core\Physics.h">
      <Filter>Source Files\Core</Filter>
    </ClInclude>
  </ItemGroup>
</Project>