<?xml version="1.0" encoding="utf-8"?>
<Project ToolsVersion="4.0" xmlns="http://schemas.microsoft.com/developer/msbuild/2003">
  <ItemGroup>
    <Filter Include="CppSource">
      <UniqueIdentifier>{66f41746-5039-4f3f-bf63-a2ea76a36745}</UniqueIdentifier>
    </Filter>
    <Filter Include="AndroidApk">
      <UniqueIdentifier>{59ea3ba4-298d-48ae-862d-be4a8cc2664b}</UniqueIdentifier>
    </Filter>
    <Filter Include="AndroidApk\JavaSource">
      <UniqueIdentifier>{ab0536cf-ea92-4e84-b130-25292ade30e1}</UniqueIdentifier>
    </Filter>
    <Filter Include="CppSource\Core">
      <UniqueIdentifier>{28413413-9657-4b37-a056-4d5853985b0a}</UniqueIdentifier>
    </Filter>
    <Filter Include="CppSource\Core\math">
      <UniqueIdentifier>{05219aef-bac2-4da9-8737-d702405b872f}</UniqueIdentifier>
    </Filter>
    <Filter Include="CppSource\Core\lodepng">
      <UniqueIdentifier>{b8eef51f-22d1-4af1-a3fd-7f9524630e53}</UniqueIdentifier>
    </Filter>
    <Filter Include="CppSource\Core\tinyxml">
      <UniqueIdentifier>{38b9cf1b-2b33-4cc8-9d33-726c3165a8d4}</UniqueIdentifier>
    </Filter>
    <Filter Include="CppSource\Game">
      <UniqueIdentifier>{c3ef30ae-b78a-420e-aa32-aaa66886acfb}</UniqueIdentifier>
    </Filter>
    <Filter Include="CppSource\Core\font">
      <UniqueIdentifier>{496a3596-53e5-45ee-9d76-deb1ac21677e}</UniqueIdentifier>
    </Filter>
  </ItemGroup>
  <ItemGroup>
    <None Include="AndroidApk\AndroidManifest.xml">
      <Filter>AndroidApk</Filter>
    </None>
    <None Include="AndroidApk\build.xml">
      <Filter>AndroidApk</Filter>
    </None>
    <None Include="AndroidApk\src\com\android\gl2jni\GL2JNIActivity.java">
      <Filter>AndroidApk\JavaSource</Filter>
    </None>
    <None Include="AndroidApk\src\com\android\gl2jni\GL2JNILib.java">
      <Filter>AndroidApk\JavaSource</Filter>
    </None>
    <None Include="AndroidApk\src\com\android\gl2jni\GL2JNIView.java">
      <Filter>AndroidApk\JavaSource</Filter>
    </None>
    <None Include="AndroidApk\res\values\strings.xml">
      <Filter>AndroidApk</Filter>
    </None>
    <None Include="AndroidApk\project.properties">
      <Filter>AndroidApk</Filter>
    </None>
  </ItemGroup>
  <ItemGroup>
    <ClCompile Include="CppSource\android_main.cpp">
      <Filter>CppSource</Filter>
    </ClCompile>
    <ClCompile Include="..\Core\lodepng\lodepng.cpp">
      <Filter>CppSource\Core\lodepng</Filter>
    </ClCompile>
    <ClCompile Include="..\Core\math\transform.cpp">
      <Filter>CppSource\Core\math</Filter>
    </ClCompile>
    <ClCompile Include="..\Core\math\bounds.cpp">
      <Filter>CppSource\Core\math</Filter>
    </ClCompile>
    <ClCompile Include="..\Core\math\frustum.cpp">
      <Filter>CppSource\Core\math</Filter>
    </ClCompile>
    <ClCompile Include="..\Core\tinyxml\tinyxmlparser.cpp">
      <Filter>CppSource\Core\tinyxml</Filter>
    </ClCompile>
    <ClCompile Include="..\Core\tinyxml\tinyxmlerror.cpp">
      <Filter>CppSource\Core\tinyxml</Filter>
    </ClCompile>
    <ClCompile Include="..\Core\tinyxml\tinyxml.cpp">
      <Filter>CppSource\Core\tinyxml</Filter>
    </ClCompile>
    <ClCompile Include="..\Core\tinyxml\tinystr.cpp">
      <Filter>CppSource\Core\tinyxml</Filter>
    </ClCompile>
    <ClCompile Include="..\Core\Resources.cpp">
      <Filter>CppSource\Core</Filter>
    </ClCompile>
    <ClCompile Include="..\Core\Mobitech.cpp">
      <Filter>CppSource\Core</Filter>
    </ClCompile>
    <ClCompile Include="..\Core\Renderer.cpp">
      <Filter>CppSource\Core</Filter>
    </ClCompile>
    <ClCompile Include="..\Game\Game.cpp">
      <Filter>CppSource\Game</Filter>
    </ClCompile>
    <ClCompile Include="..\Core\font\bmfont.cpp">
      <Filter>CppSource\Core\font</Filter>
    </ClCompile>
    <ClCompile Include="..\Core\Physics.cpp">
      <Filter>CppSource\Core</Filter>
    </ClCompile>
  </ItemGroup>
  <ItemGroup>
    <ClInclude Include="..\Core\lodepng\lodepng.h">
      <Filter>CppSource\Core\lodepng</Filter>
    </ClInclude>
    <ClInclude Include="..\Core\math\math3d.h">
      <Filter>CppSource\Core\math</Filter>
    </ClInclude>
    <ClInclude Include="..\Core\math\frustum.h">
      <Filter>CppSource\Core\math</Filter>
    </ClInclude>
    <ClInclude Include="..\Core\math\mat4.h">
      <Filter>CppSource\Core\math</Filter>
    </ClInclude>
    <ClInclude Include="..\Core\math\mat3.h">
      <Filter>CppSource\Core\math</Filter>
    </ClInclude>
    <ClInclude Include="..\Core\math\mat2.h">
      <Filter>CppSource\Core\math</Filter>
    </ClInclude>
    <ClInclude Include="..\Core\math\mathgl.h">
      <Filter>CppSource\Core\math</Filter>
    </ClInclude>
    <ClInclude Include="..\Core\math\transform.h">
      <Filter>CppSource\Core\math</Filter>
    </ClInclude>
    <ClInclude Include="..\Core\math\vec4.h">
      <Filter>CppSource\Core\math</Filter>
    </ClInclude>
    <ClInclude Include="..\Core\math\vec3.h">
      <Filter>CppSource\Core\math</Filter>
    </ClInclude>
    <ClInclude Include="..\Core\math\vec2.h">
      <Filter>CppSource\Core\math</Filter>
    </ClInclude>
    <ClInclude Include="..\Core\math\bounds.h">
      <Filter>CppSource\Core\math</Filter>
    </ClInclude>
    <ClInclude Include="..\Core\math\quat.h">
      <Filter>CppSource\Core\math</Filter>
    </ClInclude>
    <ClInclude Include="..\Core\tinyxml\tinyxml.h">
      <Filter>CppSource\Core\tinyxml</Filter>
    </ClInclude>
    <ClInclude Include="..\Core\tinyxml\tinystr.h">
      <Filter>CppSource\Core\tinyxml</Filter>
    </ClInclude>
    <ClInclude Include="..\Core\Resources.h">
      <Filter>CppSource\Core</Filter>
    </ClInclude>
    <ClInclude Include="..\Core\Mobitech.h">
      <Filter>CppSource\Core</Filter>
    </ClInclude>
    <ClInclude Include="..\Core\Utils.hpp">
      <Filter>CppSource\Core</Filter>
    </ClInclude>
    <ClInclude Include="..\Core\Renderer.h">
      <Filter>CppSource\Core</Filter>
    </ClInclude>
    <ClInclude Include="..\Core\font\bmfont.h">
      <Filter>CppSource\Core\font</Filter>
    </ClInclude>
    <ClInclude Include="..\Core\Physics.h">
      <Filter>CppSource\Core</Filter>
    </ClInclude>
  </ItemGroup>
</Project>